// !$*UTF8*$!
{
	archiveVersion = 1;
	classes = {
	};
	objectVersion = 50;
	objects = {

/* Begin PBXBuildFile section */
		A7248FCB5E7086A0490403F6 /* Pods_Flix_App_Flix_AppUITests.framework in Frameworks */ = {isa = PBXBuildFile; fileRef = AC42CF9F4DD9254F0D785219 /* Pods_Flix_App_Flix_AppUITests.framework */; };
		B6CB7FED950CCB8F7A78A933 /* Pods_Flix_App.framework in Frameworks */ = {isa = PBXBuildFile; fileRef = 6E709459B18C5D0DD48F7E67 /* Pods_Flix_App.framework */; };
		D85F0773D29B1B0611A792FB /* Pods_Flix_AppTests.framework in Frameworks */ = {isa = PBXBuildFile; fileRef = DDE6B76A7A29A6E1F8620358 /* Pods_Flix_AppTests.framework */; };
		E02BAC3E23D54B1200D5E58E /* AppDelegate.swift in Sources */ = {isa = PBXBuildFile; fileRef = E02BAC3D23D54B1200D5E58E /* AppDelegate.swift */; };
		E02BAC4023D54B1200D5E58E /* SceneDelegate.swift in Sources */ = {isa = PBXBuildFile; fileRef = E02BAC3F23D54B1200D5E58E /* SceneDelegate.swift */; };
		E02BAC4523D54B1200D5E58E /* Main.storyboard in Resources */ = {isa = PBXBuildFile; fileRef = E02BAC4323D54B1200D5E58E /* Main.storyboard */; };
		E02BAC4723D54B1500D5E58E /* Assets.xcassets in Resources */ = {isa = PBXBuildFile; fileRef = E02BAC4623D54B1500D5E58E /* Assets.xcassets */; };
		E02BAC4A23D54B1500D5E58E /* LaunchScreen.storyboard in Resources */ = {isa = PBXBuildFile; fileRef = E02BAC4823D54B1500D5E58E /* LaunchScreen.storyboard */; };
		E02BAC5523D54B1500D5E58E /* Flix_AppTests.swift in Sources */ = {isa = PBXBuildFile; fileRef = E02BAC5423D54B1500D5E58E /* Flix_AppTests.swift */; };
		E02BAC6023D54B1500D5E58E /* Flix_AppUITests.swift in Sources */ = {isa = PBXBuildFile; fileRef = E02BAC5F23D54B1500D5E58E /* Flix_AppUITests.swift */; };
		E02BAC6E23D54D6B00D5E58E /* MoviesViewController.swift in Sources */ = {isa = PBXBuildFile; fileRef = E02BAC6D23D54D6B00D5E58E /* MoviesViewController.swift */; };
		E071B2FC23D8DBF50096343E /* MovieCell.swift in Sources */ = {isa = PBXBuildFile; fileRef = E071B2FB23D8DBF50096343E /* MovieCell.swift */; };
/* End PBXBuildFile section */

/* Begin PBXContainerItemProxy section */
		E02BAC5123D54B1500D5E58E /* PBXContainerItemProxy */ = {
			isa = PBXContainerItemProxy;
			containerPortal = E02BAC3223D54B1200D5E58E /* Project object */;
			proxyType = 1;
			remoteGlobalIDString = E02BAC3923D54B1200D5E58E;
			remoteInfo = Flix_App;
		};
		E02BAC5C23D54B1500D5E58E /* PBXContainerItemProxy */ = {
			isa = PBXContainerItemProxy;
			containerPortal = E02BAC3223D54B1200D5E58E /* Project object */;
			proxyType = 1;
			remoteGlobalIDString = E02BAC3923D54B1200D5E58E;
			remoteInfo = Flix_App;
		};
/* End PBXContainerItemProxy section */

/* Begin PBXFileReference section */
		317D2D9EA8E19E2C6E68A2ED /* Pods-Flix_App.release.xcconfig */ = {isa = PBXFileReference; includeInIndex = 1; lastKnownFileType = text.xcconfig; name = "Pods-Flix_App.release.xcconfig"; path = "Target Support Files/Pods-Flix_App/Pods-Flix_App.release.xcconfig"; sourceTree = "<group>"; };
		63C14E3252A517DC194DEA26 /* Pods-Flix_AppTests.release.xcconfig */ = {isa = PBXFileReference; includeInIndex = 1; lastKnownFileType = text.xcconfig; name = "Pods-Flix_AppTests.release.xcconfig"; path = "Target Support Files/Pods-Flix_AppTests/Pods-Flix_AppTests.release.xcconfig"; sourceTree = "<group>"; };
		6E709459B18C5D0DD48F7E67 /* Pods_Flix_App.framework */ = {isa = PBXFileReference; explicitFileType = wrapper.framework; includeInIndex = 0; path = Pods_Flix_App.framework; sourceTree = BUILT_PRODUCTS_DIR; };
		7999B002426C8762CD489B0F /* Pods-Flix_App.debug.xcconfig */ = {isa = PBXFileReference; includeInIndex = 1; lastKnownFileType = text.xcconfig; name = "Pods-Flix_App.debug.xcconfig"; path = "Target Support Files/Pods-Flix_App/Pods-Flix_App.debug.xcconfig"; sourceTree = "<group>"; };
		9B996336D067A9C8BB3F0503 /* Pods-Flix_App-Flix_AppUITests.release.xcconfig */ = {isa = PBXFileReference; includeInIndex = 1; lastKnownFileType = text.xcconfig; name = "Pods-Flix_App-Flix_AppUITests.release.xcconfig"; path = "Target Support Files/Pods-Flix_App-Flix_AppUITests/Pods-Flix_App-Flix_AppUITests.release.xcconfig"; sourceTree = "<group>"; };
		AC42CF9F4DD9254F0D785219 /* Pods_Flix_App_Flix_AppUITests.framework */ = {isa = PBXFileReference; explicitFileType = wrapper.framework; includeInIndex = 0; path = Pods_Flix_App_Flix_AppUITests.framework; sourceTree = BUILT_PRODUCTS_DIR; };
		B54DFA120F2B16747AF35D68 /* Pods-Flix_AppTests.debug.xcconfig */ = {isa = PBXFileReference; includeInIndex = 1; lastKnownFileType = text.xcconfig; name = "Pods-Flix_AppTests.debug.xcconfig"; path = "Target Support Files/Pods-Flix_AppTests/Pods-Flix_AppTests.debug.xcconfig"; sourceTree = "<group>"; };
		D465740C14285B0DED3DC083 /* Pods-Flix_App-Flix_AppUITests.debug.xcconfig */ = {isa = PBXFileReference; includeInIndex = 1; lastKnownFileType = text.xcconfig; name = "Pods-Flix_App-Flix_AppUITests.debug.xcconfig"; path = "Target Support Files/Pods-Flix_App-Flix_AppUITests/Pods-Flix_App-Flix_AppUITests.debug.xcconfig"; sourceTree = "<group>"; };
		DDE6B76A7A29A6E1F8620358 /* Pods_Flix_AppTests.framework */ = {isa = PBXFileReference; explicitFileType = wrapper.framework; includeInIndex = 0; path = Pods_Flix_AppTests.framework; sourceTree = BUILT_PRODUCTS_DIR; };
		E02BAC3A23D54B1200D5E58E /* Flix_App.app */ = {isa = PBXFileReference; explicitFileType = wrapper.application; includeInIndex = 0; path = Flix_App.app; sourceTree = BUILT_PRODUCTS_DIR; };
		E02BAC3D23D54B1200D5E58E /* AppDelegate.swift */ = {isa = PBXFileReference; lastKnownFileType = sourcecode.swift; path = AppDelegate.swift; sourceTree = "<group>"; };
		E02BAC3F23D54B1200D5E58E /* SceneDelegate.swift */ = {isa = PBXFileReference; lastKnownFileType = sourcecode.swift; path = SceneDelegate.swift; sourceTree = "<group>"; };
		E02BAC4423D54B1200D5E58E /* Base */ = {isa = PBXFileReference; lastKnownFileType = file.storyboard; name = Base; path = Base.lproj/Main.storyboard; sourceTree = "<group>"; };
		E02BAC4623D54B1500D5E58E /* Assets.xcassets */ = {isa = PBXFileReference; lastKnownFileType = folder.assetcatalog; path = Assets.xcassets; sourceTree = "<group>"; };
		E02BAC4923D54B1500D5E58E /* Base */ = {isa = PBXFileReference; lastKnownFileType = file.storyboard; name = Base; path = Base.lproj/LaunchScreen.storyboard; sourceTree = "<group>"; };
		E02BAC4B23D54B1500D5E58E /* Info.plist */ = {isa = PBXFileReference; lastKnownFileType = text.plist.xml; path = Info.plist; sourceTree = "<group>"; };
		E02BAC5023D54B1500D5E58E /* Flix_AppTests.xctest */ = {isa = PBXFileReference; explicitFileType = wrapper.cfbundle; includeInIndex = 0; path = Flix_AppTests.xctest; sourceTree = BUILT_PRODUCTS_DIR; };
		E02BAC5423D54B1500D5E58E /* Flix_AppTests.swift */ = {isa = PBXFileReference; lastKnownFileType = sourcecode.swift; path = Flix_AppTests.swift; sourceTree = "<group>"; };
		E02BAC5623D54B1500D5E58E /* Info.plist */ = {isa = PBXFileReference; lastKnownFileType = text.plist.xml; path = Info.plist; sourceTree = "<group>"; };
		E02BAC5B23D54B1500D5E58E /* Flix_AppUITests.xctest */ = {isa = PBXFileReference; explicitFileType = wrapper.cfbundle; includeInIndex = 0; path = Flix_AppUITests.xctest; sourceTree = BUILT_PRODUCTS_DIR; };
		E02BAC5F23D54B1500D5E58E /* Flix_AppUITests.swift */ = {isa = PBXFileReference; lastKnownFileType = sourcecode.swift; path = Flix_AppUITests.swift; sourceTree = "<group>"; };
		E02BAC6123D54B1500D5E58E /* Info.plist */ = {isa = PBXFileReference; lastKnownFileType = text.plist.xml; path = Info.plist; sourceTree = "<group>"; };
		E02BAC6D23D54D6B00D5E58E /* MoviesViewController.swift */ = {isa = PBXFileReference; lastKnownFileType = sourcecode.swift; path = MoviesViewController.swift; sourceTree = "<group>"; };
		E071B2FB23D8DBF50096343E /* MovieCell.swift */ = {isa = PBXFileReference; lastKnownFileType = sourcecode.swift; path = MovieCell.swift; sourceTree = "<group>"; };
/* End PBXFileReference section */

/* Begin PBXFrameworksBuildPhase section */
		E02BAC3723D54B1200D5E58E /* Frameworks */ = {
			isa = PBXFrameworksBuildPhase;
			buildActionMask = 2147483647;
			files = (
				B6CB7FED950CCB8F7A78A933 /* Pods_Flix_App.framework in Frameworks */,
			);
			runOnlyForDeploymentPostprocessing = 0;
		};
		E02BAC4D23D54B1500D5E58E /* Frameworks */ = {
			isa = PBXFrameworksBuildPhase;
			buildActionMask = 2147483647;
			files = (
				D85F0773D29B1B0611A792FB /* Pods_Flix_AppTests.framework in Frameworks */,
			);
			runOnlyForDeploymentPostprocessing = 0;
		};
		E02BAC5823D54B1500D5E58E /* Frameworks */ = {
			isa = PBXFrameworksBuildPhase;
			buildActionMask = 2147483647;
			files = (
				A7248FCB5E7086A0490403F6 /* Pods_Flix_App_Flix_AppUITests.framework in Frameworks */,
			);
			runOnlyForDeploymentPostprocessing = 0;
		};
/* End PBXFrameworksBuildPhase section */

/* Begin PBXGroup section */
		795186DD571BC3AFD0B72082 /* Frameworks */ = {
			isa = PBXGroup;
			children = (
				6E709459B18C5D0DD48F7E67 /* Pods_Flix_App.framework */,
				AC42CF9F4DD9254F0D785219 /* Pods_Flix_App_Flix_AppUITests.framework */,
				DDE6B76A7A29A6E1F8620358 /* Pods_Flix_AppTests.framework */,
			);
			name = Frameworks;
			sourceTree = "<group>";
		};
		D2953615D36FFAED7AB371C4 /* Pods */ = {
			isa = PBXGroup;
			children = (
				7999B002426C8762CD489B0F /* Pods-Flix_App.debug.xcconfig */,
				317D2D9EA8E19E2C6E68A2ED /* Pods-Flix_App.release.xcconfig */,
				D465740C14285B0DED3DC083 /* Pods-Flix_App-Flix_AppUITests.debug.xcconfig */,
				9B996336D067A9C8BB3F0503 /* Pods-Flix_App-Flix_AppUITests.release.xcconfig */,
				B54DFA120F2B16747AF35D68 /* Pods-Flix_AppTests.debug.xcconfig */,
				63C14E3252A517DC194DEA26 /* Pods-Flix_AppTests.release.xcconfig */,
			);
			name = Pods;
			path = Pods;
			sourceTree = "<group>";
		};
		E02BAC3123D54B1200D5E58E = {
			isa = PBXGroup;
			children = (
				E02BAC3C23D54B1200D5E58E /* Flix_App */,
				E02BAC5323D54B1500D5E58E /* Flix_AppTests */,
				E02BAC5E23D54B1500D5E58E /* Flix_AppUITests */,
				E02BAC3B23D54B1200D5E58E /* Products */,
				D2953615D36FFAED7AB371C4 /* Pods */,
				795186DD571BC3AFD0B72082 /* Frameworks */,
			);
			sourceTree = "<group>";
		};
		E02BAC3B23D54B1200D5E58E /* Products */ = {
			isa = PBXGroup;
			children = (
				E02BAC3A23D54B1200D5E58E /* Flix_App.app */,
				E02BAC5023D54B1500D5E58E /* Flix_AppTests.xctest */,
				E02BAC5B23D54B1500D5E58E /* Flix_AppUITests.xctest */,
			);
			name = Products;
			sourceTree = "<group>";
		};
		E02BAC3C23D54B1200D5E58E /* Flix_App */ = {
			isa = PBXGroup;
			children = (
				E02BAC3D23D54B1200D5E58E /* AppDelegate.swift */,
				E02BAC3F23D54B1200D5E58E /* SceneDelegate.swift */,
				E02BAC4323D54B1200D5E58E /* Main.storyboard */,
				E02BAC4623D54B1500D5E58E /* Assets.xcassets */,
				E02BAC4823D54B1500D5E58E /* LaunchScreen.storyboard */,
				E02BAC4B23D54B1500D5E58E /* Info.plist */,
				E02BAC6D23D54D6B00D5E58E /* MoviesViewController.swift */,
				E071B2FB23D8DBF50096343E /* MovieCell.swift */,
			);
			path = Flix_App;
			sourceTree = "<group>";
		};
		E02BAC5323D54B1500D5E58E /* Flix_AppTests */ = {
			isa = PBXGroup;
			children = (
				E02BAC5423D54B1500D5E58E /* Flix_AppTests.swift */,
				E02BAC5623D54B1500D5E58E /* Info.plist */,
			);
			path = Flix_AppTests;
			sourceTree = "<group>";
		};
		E02BAC5E23D54B1500D5E58E /* Flix_AppUITests */ = {
			isa = PBXGroup;
			children = (
				E02BAC5F23D54B1500D5E58E /* Flix_AppUITests.swift */,
				E02BAC6123D54B1500D5E58E /* Info.plist */,
			);
			path = Flix_AppUITests;
			sourceTree = "<group>";
		};
/* End PBXGroup section */

/* Begin PBXNativeTarget section */
		E02BAC3923D54B1200D5E58E /* Flix_App */ = {
			isa = PBXNativeTarget;
			buildConfigurationList = E02BAC6423D54B1500D5E58E /* Build configuration list for PBXNativeTarget "Flix_App" */;
			buildPhases = (
				88097AD74F077FFE4C6725B6 /* [CP] Check Pods Manifest.lock */,
				E02BAC3623D54B1200D5E58E /* Sources */,
				E02BAC3723D54B1200D5E58E /* Frameworks */,
				E02BAC3823D54B1200D5E58E /* Resources */,
				4CB809328139DB76CA02EA5C /* [CP] Embed Pods Frameworks */,
			);
			buildRules = (
			);
			dependencies = (
			);
			name = Flix_App;
			productName = Flix_App;
			productReference = E02BAC3A23D54B1200D5E58E /* Flix_App.app */;
			productType = "com.apple.product-type.application";
		};
		E02BAC4F23D54B1500D5E58E /* Flix_AppTests */ = {
			isa = PBXNativeTarget;
			buildConfigurationList = E02BAC6723D54B1500D5E58E /* Build configuration list for PBXNativeTarget "Flix_AppTests" */;
			buildPhases = (
				DE097E045E61C26837702D02 /* [CP] Check Pods Manifest.lock */,
				E02BAC4C23D54B1500D5E58E /* Sources */,
				E02BAC4D23D54B1500D5E58E /* Frameworks */,
				E02BAC4E23D54B1500D5E58E /* Resources */,
			);
			buildRules = (
			);
			dependencies = (
				E02BAC5223D54B1500D5E58E /* PBXTargetDependency */,
			);
			name = Flix_AppTests;
			productName = Flix_AppTests;
			productReference = E02BAC5023D54B1500D5E58E /* Flix_AppTests.xctest */;
			productType = "com.apple.product-type.bundle.unit-test";
		};
		E02BAC5A23D54B1500D5E58E /* Flix_AppUITests */ = {
			isa = PBXNativeTarget;
			buildConfigurationList = E02BAC6A23D54B1500D5E58E /* Build configuration list for PBXNativeTarget "Flix_AppUITests" */;
			buildPhases = (
				FF20A8AE488780E289ED94D7 /* [CP] Check Pods Manifest.lock */,
				E02BAC5723D54B1500D5E58E /* Sources */,
				E02BAC5823D54B1500D5E58E /* Frameworks */,
				E02BAC5923D54B1500D5E58E /* Resources */,
				5947D2F65F65191DA6174AE1 /* [CP] Embed Pods Frameworks */,
			);
			buildRules = (
			);
			dependencies = (
				E02BAC5D23D54B1500D5E58E /* PBXTargetDependency */,
			);
			name = Flix_AppUITests;
			productName = Flix_AppUITests;
			productReference = E02BAC5B23D54B1500D5E58E /* Flix_AppUITests.xctest */;
			productType = "com.apple.product-type.bundle.ui-testing";
		};
/* End PBXNativeTarget section */

/* Begin PBXProject section */
		E02BAC3223D54B1200D5E58E /* Project object */ = {
			isa = PBXProject;
			attributes = {
				LastSwiftUpdateCheck = 1130;
				LastUpgradeCheck = 1130;
				ORGANIZATIONNAME = "Fredy Pedro";
				TargetAttributes = {
					E02BAC3923D54B1200D5E58E = {
						CreatedOnToolsVersion = 11.3;
					};
					E02BAC4F23D54B1500D5E58E = {
						CreatedOnToolsVersion = 11.3;
						TestTargetID = E02BAC3923D54B1200D5E58E;
					};
					E02BAC5A23D54B1500D5E58E = {
						CreatedOnToolsVersion = 11.3;
						TestTargetID = E02BAC3923D54B1200D5E58E;
					};
				};
			};
			buildConfigurationList = E02BAC3523D54B1200D5E58E /* Build configuration list for PBXProject "Flix_App" */;
			compatibilityVersion = "Xcode 9.3";
			developmentRegion = en;
			hasScannedForEncodings = 0;
			knownRegions = (
				en,
				Base,
			);
			mainGroup = E02BAC3123D54B1200D5E58E;
			productRefGroup = E02BAC3B23D54B1200D5E58E /* Products */;
			projectDirPath = "";
			projectRoot = "";
			targets = (
				E02BAC3923D54B1200D5E58E /* Flix_App */,
				E02BAC4F23D54B1500D5E58E /* Flix_AppTests */,
				E02BAC5A23D54B1500D5E58E /* Flix_AppUITests */,
			);
		};
/* End PBXProject section */

/* Begin PBXResourcesBuildPhase section */
		E02BAC3823D54B1200D5E58E /* Resources */ = {
			isa = PBXResourcesBuildPhase;
			buildActionMask = 2147483647;
			files = (
				E02BAC4A23D54B1500D5E58E /* LaunchScreen.storyboard in Resources */,
				E02BAC4723D54B1500D5E58E /* Assets.xcassets in Resources */,
				E02BAC4523D54B1200D5E58E /* Main.storyboard in Resources */,
			);
			runOnlyForDeploymentPostprocessing = 0;
		};
		E02BAC4E23D54B1500D5E58E /* Resources */ = {
			isa = PBXResourcesBuildPhase;
			buildActionMask = 2147483647;
			files = (
			);
			runOnlyForDeploymentPostprocessing = 0;
		};
		E02BAC5923D54B1500D5E58E /* Resources */ = {
			isa = PBXResourcesBuildPhase;
			buildActionMask = 2147483647;
			files = (
			);
			runOnlyForDeploymentPostprocessing = 0;
		};
/* End PBXResourcesBuildPhase section */

/* Begin PBXShellScriptBuildPhase section */
		4CB809328139DB76CA02EA5C /* [CP] Embed Pods Frameworks */ = {
			isa = PBXShellScriptBuildPhase;
			buildActionMask = 2147483647;
			files = (
			);
			inputFileListPaths = (
				"${PODS_ROOT}/Target Support Files/Pods-Flix_App/Pods-Flix_App-frameworks-${CONFIGURATION}-input-files.xcfilelist",
			);
			name = "[CP] Embed Pods Frameworks";
			outputFileListPaths = (
				"${PODS_ROOT}/Target Support Files/Pods-Flix_App/Pods-Flix_App-frameworks-${CONFIGURATION}-output-files.xcfilelist",
			);
			runOnlyForDeploymentPostprocessing = 0;
			shellPath = /bin/sh;
			shellScript = "\"${PODS_ROOT}/Target Support Files/Pods-Flix_App/Pods-Flix_App-frameworks.sh\"\n";
			showEnvVarsInLog = 0;
		};
		5947D2F65F65191DA6174AE1 /* [CP] Embed Pods Frameworks */ = {
			isa = PBXShellScriptBuildPhase;
			buildActionMask = 2147483647;
			files = (
			);
			inputFileListPaths = (
				"${PODS_ROOT}/Target Support Files/Pods-Flix_App-Flix_AppUITests/Pods-Flix_App-Flix_AppUITests-frameworks-${CONFIGURATION}-input-files.xcfilelist",
			);
			name = "[CP] Embed Pods Frameworks";
			outputFileListPaths = (
				"${PODS_ROOT}/Target Support Files/Pods-Flix_App-Flix_AppUITests/Pods-Flix_App-Flix_AppUITests-frameworks-${CONFIGURATION}-output-files.xcfilelist",
			);
			runOnlyForDeploymentPostprocessing = 0;
			shellPath = /bin/sh;
			shellScript = "\"${PODS_ROOT}/Target Support Files/Pods-Flix_App-Flix_AppUITests/Pods-Flix_App-Flix_AppUITests-frameworks.sh\"\n";
			showEnvVarsInLog = 0;
		};
		88097AD74F077FFE4C6725B6 /* [CP] Check Pods Manifest.lock */ = {
			isa = PBXShellScriptBuildPhase;
			buildActionMask = 2147483647;
			files = (
			);
			inputFileListPaths = (
			);
			inputPaths = (
				"${PODS_PODFILE_DIR_PATH}/Podfile.lock",
				"${PODS_ROOT}/Manifest.lock",
			);
			name = "[CP] Check Pods Manifest.lock";
			outputFileListPaths = (
			);
			outputPaths = (
				"$(DERIVED_FILE_DIR)/Pods-Flix_App-checkManifestLockResult.txt",
			);
			runOnlyForDeploymentPostprocessing = 0;
			shellPath = /bin/sh;
			shellScript = "diff \"${PODS_PODFILE_DIR_PATH}/Podfile.lock\" \"${PODS_ROOT}/Manifest.lock\" > /dev/null\nif [ $? != 0 ] ; then\n    # print error to STDERR\n    echo \"error: The sandbox is not in sync with the Podfile.lock. Run 'pod install' or update your CocoaPods installation.\" >&2\n    exit 1\nfi\n# This output is used by Xcode 'outputs' to avoid re-running this script phase.\necho \"SUCCESS\" > \"${SCRIPT_OUTPUT_FILE_0}\"\n";
			showEnvVarsInLog = 0;
		};
		DE097E045E61C26837702D02 /* [CP] Check Pods Manifest.lock */ = {
			isa = PBXShellScriptBuildPhase;
			buildActionMask = 2147483647;
			files = (
			);
			inputFileListPaths = (
			);
			inputPaths = (
				"${PODS_PODFILE_DIR_PATH}/Podfile.lock",
				"${PODS_ROOT}/Manifest.lock",
			);
			name = "[CP] Check Pods Manifest.lock";
			outputFileListPaths = (
			);
			outputPaths = (
				"$(DERIVED_FILE_DIR)/Pods-Flix_AppTests-checkManifestLockResult.txt",
			);
			runOnlyForDeploymentPostprocessing = 0;
			shellPath = /bin/sh;
			shellScript = "diff \"${PODS_PODFILE_DIR_PATH}/Podfile.lock\" \"${PODS_ROOT}/Manifest.lock\" > /dev/null\nif [ $? != 0 ] ; then\n    # print error to STDERR\n    echo \"error: The sandbox is not in sync with the Podfile.lock. Run 'pod install' or update your CocoaPods installation.\" >&2\n    exit 1\nfi\n# This output is used by Xcode 'outputs' to avoid re-running this script phase.\necho \"SUCCESS\" > \"${SCRIPT_OUTPUT_FILE_0}\"\n";
			showEnvVarsInLog = 0;
		};
		FF20A8AE488780E289ED94D7 /* [CP] Check Pods Manifest.lock */ = {
			isa = PBXShellScriptBuildPhase;
			buildActionMask = 2147483647;
			files = (
			);
			inputFileListPaths = (
			);
			inputPaths = (
				"${PODS_PODFILE_DIR_PATH}/Podfile.lock",
				"${PODS_ROOT}/Manifest.lock",
			);
			name = "[CP] Check Pods Manifest.lock";
			outputFileListPaths = (
			);
			outputPaths = (
				"$(DERIVED_FILE_DIR)/Pods-Flix_App-Flix_AppUITests-checkManifestLockResult.txt",
			);
			runOnlyForDeploymentPostprocessing = 0;
			shellPath = /bin/sh;
			shellScript = "diff \"${PODS_PODFILE_DIR_PATH}/Podfile.lock\" \"${PODS_ROOT}/Manifest.lock\" > /dev/null\nif [ $? != 0 ] ; then\n    # print error to STDERR\n    echo \"error: The sandbox is not in sync with the Podfile.lock. Run 'pod install' or update your CocoaPods installation.\" >&2\n    exit 1\nfi\n# This output is used by Xcode 'outputs' to avoid re-running this script phase.\necho \"SUCCESS\" > \"${SCRIPT_OUTPUT_FILE_0}\"\n";
			showEnvVarsInLog = 0;
		};
/* End PBXShellScriptBuildPhase section */

/* Begin PBXSourcesBuildPhase section */
		E02BAC3623D54B1200D5E58E /* Sources */ = {
			isa = PBXSourcesBuildPhase;
			buildActionMask = 2147483647;
			files = (
				E02BAC3E23D54B1200D5E58E /* AppDelegate.swift in Sources */,
				E02BAC4023D54B1200D5E58E /* SceneDelegate.swift in Sources */,
				E071B2FC23D8DBF50096343E /* MovieCell.swift in Sources */,
				E02BAC6E23D54D6B00D5E58E /* MoviesViewController.swift in Sources */,
			);
			runOnlyForDeploymentPostprocessing = 0;
		};
		E02BAC4C23D54B1500D5E58E /* Sources */ = {
			isa = PBXSourcesBuildPhase;
			buildActionMask = 2147483647;
			files = (
				E02BAC5523D54B1500D5E58E /* Flix_AppTests.swift in Sources */,
			);
			runOnlyForDeploymentPostprocessing = 0;
		};
		E02BAC5723D54B1500D5E58E /* Sources */ = {
			isa = PBXSourcesBuildPhase;
			buildActionMask = 2147483647;
			files = (
				E02BAC6023D54B1500D5E58E /* Flix_AppUITests.swift in Sources */,
			);
			runOnlyForDeploymentPostprocessing = 0;
		};
/* End PBXSourcesBuildPhase section */

/* Begin PBXTargetDependency section */
		E02BAC5223D54B1500D5E58E /* PBXTargetDependency */ = {
			isa = PBXTargetDependency;
			target = E02BAC3923D54B1200D5E58E /* Flix_App */;
			targetProxy = E02BAC5123D54B1500D5E58E /* PBXContainerItemProxy */;
		};
		E02BAC5D23D54B1500D5E58E /* PBXTargetDependency */ = {
			isa = PBXTargetDependency;
			target = E02BAC3923D54B1200D5E58E /* Flix_App */;
			targetProxy = E02BAC5C23D54B1500D5E58E /* PBXContainerItemProxy */;
		};
/* End PBXTargetDependency section */

/* Begin PBXVariantGroup section */
		E02BAC4323D54B1200D5E58E /* Main.storyboard */ = {
			isa = PBXVariantGroup;
			children = (
				E02BAC4423D54B1200D5E58E /* Base */,
			);
			name = Main.storyboard;
			sourceTree = "<group>";
		};
		E02BAC4823D54B1500D5E58E /* LaunchScreen.storyboard */ = {
			isa = PBXVariantGroup;
			children = (
				E02BAC4923D54B1500D5E58E /* Base */,
			);
			name = LaunchScreen.storyboard;
			sourceTree = "<group>";
		};
/* End PBXVariantGroup section */

/* Begin XCBuildConfiguration section */
		E02BAC6223D54B1500D5E58E /* Debug */ = {
			isa = XCBuildConfiguration;
			buildSettings = {
				ALWAYS_SEARCH_USER_PATHS = NO;
				CLANG_ANALYZER_NONNULL = YES;
				CLANG_ANALYZER_NUMBER_OBJECT_CONVERSION = YES_AGGRESSIVE;
				CLANG_CXX_LANGUAGE_STANDARD = "gnu++14";
				CLANG_CXX_LIBRARY = "libc++";
				CLANG_ENABLE_MODULES = YES;
				CLANG_ENABLE_OBJC_ARC = YES;
				CLANG_ENABLE_OBJC_WEAK = YES;
				CLANG_WARN_BLOCK_CAPTURE_AUTORELEASING = YES;
				CLANG_WARN_BOOL_CONVERSION = YES;
				CLANG_WARN_COMMA = YES;
				CLANG_WARN_CONSTANT_CONVERSION = YES;
				CLANG_WARN_DEPRECATED_OBJC_IMPLEMENTATIONS = YES;
				CLANG_WARN_DIRECT_OBJC_ISA_USAGE = YES_ERROR;
				CLANG_WARN_DOCUMENTATION_COMMENTS = YES;
				CLANG_WARN_EMPTY_BODY = YES;
				CLANG_WARN_ENUM_CONVERSION = YES;
				CLANG_WARN_INFINITE_RECURSION = YES;
				CLANG_WARN_INT_CONVERSION = YES;
				CLANG_WARN_NON_LITERAL_NULL_CONVERSION = YES;
				CLANG_WARN_OBJC_IMPLICIT_RETAIN_SELF = YES;
				CLANG_WARN_OBJC_LITERAL_CONVERSION = YES;
				CLANG_WARN_OBJC_ROOT_CLASS = YES_ERROR;
				CLANG_WARN_RANGE_LOOP_ANALYSIS = YES;
				CLANG_WARN_STRICT_PROTOTYPES = YES;
				CLANG_WARN_SUSPICIOUS_MOVE = YES;
				CLANG_WARN_UNGUARDED_AVAILABILITY = YES_AGGRESSIVE;
				CLANG_WARN_UNREACHABLE_CODE = YES;
				CLANG_WARN__DUPLICATE_METHOD_MATCH = YES;
				COPY_PHASE_STRIP = NO;
				DEBUG_INFORMATION_FORMAT = dwarf;
				ENABLE_STRICT_OBJC_MSGSEND = YES;
				ENABLE_TESTABILITY = YES;
				GCC_C_LANGUAGE_STANDARD = gnu11;
				GCC_DYNAMIC_NO_PIC = NO;
				GCC_NO_COMMON_BLOCKS = YES;
				GCC_OPTIMIZATION_LEVEL = 0;
				GCC_PREPROCESSOR_DEFINITIONS = (
					"DEBUG=1",
					"$(inherited)",
				);
				GCC_WARN_64_TO_32_BIT_CONVERSION = YES;
				GCC_WARN_ABOUT_RETURN_TYPE = YES_ERROR;
				GCC_WARN_UNDECLARED_SELECTOR = YES;
				GCC_WARN_UNINITIALIZED_AUTOS = YES_AGGRESSIVE;
				GCC_WARN_UNUSED_FUNCTION = YES;
				GCC_WARN_UNUSED_VARIABLE = YES;
				IPHONEOS_DEPLOYMENT_TARGET = 13.2;
				MTL_ENABLE_DEBUG_INFO = INCLUDE_SOURCE;
				MTL_FAST_MATH = YES;
				ONLY_ACTIVE_ARCH = YES;
				SDKROOT = iphoneos;
				SWIFT_ACTIVE_COMPILATION_CONDITIONS = DEBUG;
				SWIFT_OPTIMIZATION_LEVEL = "-Onone";
			};
			name = Debug;
		};
		E02BAC6323D54B1500D5E58E /* Release */ = {
			isa = XCBuildConfiguration;
			buildSettings = {
				ALWAYS_SEARCH_USER_PATHS = NO;
				CLANG_ANALYZER_NONNULL = YES;
				CLANG_ANALYZER_NUMBER_OBJECT_CONVERSION = YES_AGGRESSIVE;
				CLANG_CXX_LANGUAGE_STANDARD = "gnu++14";
				CLANG_CXX_LIBRARY = "libc++";
				CLANG_ENABLE_MODULES = YES;
				CLANG_ENABLE_OBJC_ARC = YES;
				CLANG_ENABLE_OBJC_WEAK = YES;
				CLANG_WARN_BLOCK_CAPTURE_AUTORELEASING = YES;
				CLANG_WARN_BOOL_CONVERSION = YES;
				CLANG_WARN_COMMA = YES;
				CLANG_WARN_CONSTANT_CONVERSION = YES;
				CLANG_WARN_DEPRECATED_OBJC_IMPLEMENTATIONS = YES;
				CLANG_WARN_DIRECT_OBJC_ISA_USAGE = YES_ERROR;
				CLANG_WARN_DOCUMENTATION_COMMENTS = YES;
				CLANG_WARN_EMPTY_BODY = YES;
				CLANG_WARN_ENUM_CONVERSION = YES;
				CLANG_WARN_INFINITE_RECURSION = YES;
				CLANG_WARN_INT_CONVERSION = YES;
				CLANG_WARN_NON_LITERAL_NULL_CONVERSION = YES;
				CLANG_WARN_OBJC_IMPLICIT_RETAIN_SELF = YES;
				CLANG_WARN_OBJC_LITERAL_CONVERSION = YES;
				CLANG_WARN_OBJC_ROOT_CLASS = YES_ERROR;
				CLANG_WARN_RANGE_LOOP_ANALYSIS = YES;
				CLANG_WARN_STRICT_PROTOTYPES = YES;
				CLANG_WARN_SUSPICIOUS_MOVE = YES;
				CLANG_WARN_UNGUARDED_AVAILABILITY = YES_AGGRESSIVE;
				CLANG_WARN_UNREACHABLE_CODE = YES;
				CLANG_WARN__DUPLICATE_METHOD_MATCH = YES;
				COPY_PHASE_STRIP = NO;
				DEBUG_INFORMATION_FORMAT = "dwarf-with-dsym";
				ENABLE_NS_ASSERTIONS = NO;
				ENABLE_STRICT_OBJC_MSGSEND = YES;
				GCC_C_LANGUAGE_STANDARD = gnu11;
				GCC_NO_COMMON_BLOCKS = YES;
				GCC_WARN_64_TO_32_BIT_CONVERSION = YES;
				GCC_WARN_ABOUT_RETURN_TYPE = YES_ERROR;
				GCC_WARN_UNDECLARED_SELECTOR = YES;
				GCC_WARN_UNINITIALIZED_AUTOS = YES_AGGRESSIVE;
				GCC_WARN_UNUSED_FUNCTION = YES;
				GCC_WARN_UNUSED_VARIABLE = YES;
				IPHONEOS_DEPLOYMENT_TARGET = 13.2;
				MTL_ENABLE_DEBUG_INFO = NO;
				MTL_FAST_MATH = YES;
				SDKROOT = iphoneos;
				SWIFT_COMPILATION_MODE = wholemodule;
				SWIFT_OPTIMIZATION_LEVEL = "-O";
				VALIDATE_PRODUCT = YES;
			};
			name = Release;
		};
		E02BAC6523D54B1500D5E58E /* Debug */ = {
			isa = XCBuildConfiguration;
			baseConfigurationReference = 7999B002426C8762CD489B0F /* Pods-Flix_App.debug.xcconfig */;
			buildSettings = {
				ASSETCATALOG_COMPILER_APPICON_NAME = AppIcon;
				CODE_SIGN_STYLE = Automatic;
				DEVELOPMENT_TEAM = 78AKYC98Z3;
				INFOPLIST_FILE = Flix_App/Info.plist;
				LD_RUNPATH_SEARCH_PATHS = (
					"$(inherited)",
					"@executable_path/Frameworks",
				);
				PRODUCT_BUNDLE_IDENTIFIER = "com.fredyPedro.Flix-App";
				PRODUCT_NAME = "$(TARGET_NAME)";
				SWIFT_VERSION = 5.0;
				TARGETED_DEVICE_FAMILY = "1,2";
			};
			name = Debug;
		};
		E02BAC6623D54B1500D5E58E /* Release */ = {
			isa = XCBuildConfiguration;
			baseConfigurationReference = 317D2D9EA8E19E2C6E68A2ED /* Pods-Flix_App.release.xcconfig */;
			buildSettings = {
				ASSETCATALOG_COMPILER_APPICON_NAME = AppIcon;
				CODE_SIGN_STYLE = Automatic;
				DEVELOPMENT_TEAM = 78AKYC98Z3;
				INFOPLIST_FILE = Flix_App/Info.plist;
				LD_RUNPATH_SEARCH_PATHS = (
					"$(inherited)",
					"@executable_path/Frameworks",
				);
				PRODUCT_BUNDLE_IDENTIFIER = "com.fredyPedro.Flix-App";
				PRODUCT_NAME = "$(TARGET_NAME)";
				SWIFT_VERSION = 5.0;
				TARGETED_DEVICE_FAMILY = "1,2";
			};
			name = Release;
		};
		E02BAC6823D54B1500D5E58E /* Debug */ = {
			isa = XCBuildConfiguration;
			baseConfigurationReference = B54DFA120F2B16747AF35D68 /* Pods-Flix_AppTests.debug.xcconfig */;
			buildSettings = {
				ALWAYS_EMBED_SWIFT_STANDARD_LIBRARIES = YES;
				BUNDLE_LOADER = "$(TEST_HOST)";
				CODE_SIGN_STYLE = Automatic;
				DEVELOPMENT_TEAM = 78AKYC98Z3;
				INFOPLIST_FILE = Flix_AppTests/Info.plist;
				IPHONEOS_DEPLOYMENT_TARGET = 13.2;
				LD_RUNPATH_SEARCH_PATHS = (
					"$(inherited)",
					"@executable_path/Frameworks",
					"@loader_path/Frameworks",
				);
				PRODUCT_BUNDLE_IDENTIFIER = "com.fredyPedro.Flix-AppTests";
				PRODUCT_NAME = "$(TARGET_NAME)";
				SWIFT_VERSION = 5.0;
				TARGETED_DEVICE_FAMILY = "1,2";
				TEST_HOST = "$(BUILT_PRODUCTS_DIR)/Flix_App.app/Flix_App";
			};
			name = Debug;
		};
		E02BAC6923D54B1500D5E58E /* Release */ = {
			isa = XCBuildConfiguration;
			baseConfigurationReference = 63C14E3252A517DC194DEA26 /* Pods-Flix_AppTests.release.xcconfig */;
			buildSettings = {
				ALWAYS_EMBED_SWIFT_STANDARD_LIBRARIES = YES;
				BUNDLE_LOADER = "$(TEST_HOST)";
				CODE_SIGN_STYLE = Automatic;
				DEVELOPMENT_TEAM = 78AKYC98Z3;
				INFOPLIST_FILE = Flix_AppTests/Info.plist;
				IPHONEOS_DEPLOYMENT_TARGET = 13.2;
				LD_RUNPATH_SEARCH_PATHS = (
					"$(inherited)",
					"@executable_path/Frameworks",
					"@loader_path/Frameworks",
				);
				PRODUCT_BUNDLE_IDENTIFIER = "com.fredyPedro.Flix-AppTests";
				PRODUCT_NAME = "$(TARGET_NAME)";
				SWIFT_VERSION = 5.0;
				TARGETED_DEVICE_FAMILY = "1,2";
				TEST_HOST = "$(BUILT_PRODUCTS_DIR)/Flix_App.app/Flix_App";
			};
			name = Release;
		};
		E02BAC6B23D54B1500D5E58E /* Debug */ = {
			isa = XCBuildConfiguration;
			baseConfigurationReference = D465740C14285B0DED3DC083 /* Pods-Flix_App-Flix_AppUITests.debug.xcconfig */;
			buildSettings = {
				ALWAYS_EMBED_SWIFT_STANDARD_LIBRARIES = YES;
				CODE_SIGN_STYLE = Automatic;
				DEVELOPMENT_TEAM = 78AKYC98Z3;
				INFOPLIST_FILE = Flix_AppUITests/Info.plist;
				LD_RUNPATH_SEARCH_PATHS = (
					"$(inherited)",
					"@executable_path/Frameworks",
					"@loader_path/Frameworks",
				);
				PRODUCT_BUNDLE_IDENTIFIER = "com.fredyPedro.Flix-AppUITests";
				PRODUCT_NAME = "$(TARGET_NAME)";
				SWIFT_VERSION = 5.0;
				TARGETED_DEVICE_FAMILY = "1,2";
				TEST_TARGET_NAME = Flix_App;
			};
			name = Debug;
		};
		E02BAC6C23D54B1500D5E58E /* Release */ = {
			isa = XCBuildConfiguration;
			baseConfigurationReference = 9B996336D067A9C8BB3F0503 /* Pods-Flix_App-Flix_AppUITests.release.xcconfig */;
			buildSettings = {
				ALWAYS_EMBED_SWIFT_STANDARD_LIBRARIES = YES;
				CODE_SIGN_STYLE = Automatic;
				DEVELOPMENT_TEAM = 78AKYC98Z3;
				INFOPLIST_FILE = Flix_AppUITests/Info.plist;
				LD_RUNPATH_SEARCH_PATHS = (
					"$(inherited)",
					"@executable_path/Frameworks",
					"@loader_path/Frameworks",
				);
				PRODUCT_BUNDLE_IDENTIFIER = "com.fredyPedro.Flix-AppUITests";
				PRODUCT_NAME = "$(TARGET_NAME)";
				SWIFT_VERSION = 5.0;
				TARGETED_DEVICE_FAMILY = "1,2";
				TEST_TARGET_NAME = Flix_App;
			};
			name = Release;
		};
/* End XCBuildConfiguration section */

/* Begin XCConfigurationList section */
		E02BAC3523D54B1200D5E58E /* Build configuration list for PBXProject "Flix_App" */ = {
			isa = XCConfigurationList;
			buildConfigurations = (
				E02BAC6223D54B1500D5E58E /* Debug */,
				E02BAC6323D54B1500D5E58E /* Release */,
			);
			defaultConfigurationIsVisible = 0;
			defaultConfigurationName = Release;
		};
		E02BAC6423D54B1500D5E58E /* Build configuration list for PBXNativeTarget "Flix_App" */ = {
			isa = XCConfigurationList;
			buildConfigurations = (
				E02BAC6523D54B1500D5E58E /* Debug */,
				E02BAC6623D54B1500D5E58E /* Release */,
			);
			defaultConfigurationIsVisible = 0;
			defaultConfigurationName = Release;
		};
		E02BAC6723D54B1500D5E58E /* Build configuration list for PBXNativeTarget "Flix_AppTests" */ = {
			isa = XCConfigurationList;
			buildConfigurations = (
				E02BAC6823D54B1500D5E58E /* Debug */,
				E02BAC6923D54B1500D5E58E /* Release */,
			);
			defaultConfigurationIsVisible = 0;
			defaultConfigurationName = Release;
		};
		E02BAC6A23D54B1500D5E58E /* Build configuration list for PBXNativeTarget "Flix_AppUITests" */ = {
			isa = XCConfigurationList;
			buildConfigurations = (
				E02BAC6B23D54B1500D5E58E /* Debug */,
				E02BAC6C23D54B1500D5E58E /* Release */,
			);
			defaultConfigurationIsVisible = 0;
			defaultConfigurationName = Release;
		};
/* End XCConfigurationList section */
	};
	rootObject = E02BAC3223D54B1200D5E58E /* Project object */;
}
